PODS:
  - Masonry (1.1.0)
  - PPSPing (0.3.0)

DEPENDENCIES:
  - Masonry
  - PPSPing

SPEC REPOS:
  trunk:
    - Masonry
    - PPSPing

SPEC CHECKSUMS:
  Masonry: 678fab65091a9290e40e2832a55e7ab731aad201
  PPSPing: f275a44303d6e1ebbd07b90fe8d29831838e58a7

PODFILE CHECKSUM: 6e230202299dcc75b60037a4fbed30cf015b21c5

COCOAPODS: 1.10.1
